
Microsoft Visual Studio Solution File, Format Version 10.00
# Visual Studio 2008
Project("{2150E333-8FDC-42A3-9474-1A3956D46DE8}") = "BusinessLogic", "BusinessLogic", "{9E48898A-3DDA-49BA-8BED-3B3F46EF1A13}"
EndProject
Project("{2150E333-8FDC-42A3-9474-1A3956D46DE8}") = "HPCComponents", "HPCComponents", "{88BB6E4A-798A-4BD2-B599-F6F4EACD7F24}"
EndProject
Project("{FAE04EC0-301F-11D3-BF4B-00C04F79EFBC}") = "HPCBusinessLogic", "HPCBusinessLogic\HPCBusinessLogic.csproj", "{D80B035B-A0C5-4ED5-B4CB-B94949D782E1}"
EndProject
Project("{FAE04EC0-301F-11D3-BF4B-00C04F79EFBC}") = "HPCInfo", "HPCInfo\HPCInfo.csproj", "{5EA19E6B-1E26-448B-8DF8-B9647ECDBBB3}"
EndProject
Project("{FAE04EC0-301F-11D3-BF4B-00C04F79EFBC}") = "HPCServerDataAccess", "HPCServerDataAccess\HPCServerDataAccess.csproj", "{137C5DF9-0B1A-4033-8A0F-C1893F29453E}"
EndProject
Project("{FAE04EC0-301F-11D3-BF4B-00C04F79EFBC}") = "HPCShareDLL", "HPCShareDLL\HPCShareDLL.csproj", "{91BE61C0-204F-4CE4-9BA0-F382DF672D6A}"
EndProject
Project("{FAE04EC0-301F-11D3-BF4B-00C04F79EFBC}") = "HPCComponents", "HPCComponents\HPCComponents.csproj", "{1154CDFB-97EC-4B37-818F-54D925609C20}"
EndProject
Project("{2150E333-8FDC-42A3-9474-1A3956D46DE8}") = "ToasoanTTXVN", "ToasoanTTXVN", "{2446EC95-2CF9-4819-BE36-8D3C06B5A5F6}"
EndProject
Project("{FAE04EC0-301F-11D3-BF4B-00C04F79EFBC}") = "ToasoanTTXVN", "ToasoanTTXVN\ToasoanTTXVN.csproj", "{BDDF2412-D188-423E-904E-3A78A4C57EF2}"
EndProject
Global
	GlobalSection(SolutionConfigurationPlatforms) = preSolution
		Debug|Any CPU = Debug|Any CPU
		Release|Any CPU = Release|Any CPU
	EndGlobalSection
	GlobalSection(ProjectConfigurationPlatforms) = postSolution
		{D80B035B-A0C5-4ED5-B4CB-B94949D782E1}.Debug|Any CPU.ActiveCfg = Debug|Any CPU
		{D80B035B-A0C5-4ED5-B4CB-B94949D782E1}.Debug|Any CPU.Build.0 = Debug|Any CPU
		{D80B035B-A0C5-4ED5-B4CB-B94949D782E1}.Release|Any CPU.ActiveCfg = Release|Any CPU
		{D80B035B-A0C5-4ED5-B4CB-B94949D782E1}.Release|Any CPU.Build.0 = Release|Any CPU
		{5EA19E6B-1E26-448B-8DF8-B9647ECDBBB3}.Debug|Any CPU.ActiveCfg = Debug|Any CPU
		{5EA19E6B-1E26-448B-8DF8-B9647ECDBBB3}.Debug|Any CPU.Build.0 = Debug|Any CPU
		{5EA19E6B-1E26-448B-8DF8-B9647ECDBBB3}.Release|Any CPU.ActiveCfg = Release|Any CPU
		{5EA19E6B-1E26-448B-8DF8-B9647ECDBBB3}.Release|Any CPU.Build.0 = Release|Any CPU
		{137C5DF9-0B1A-4033-8A0F-C1893F29453E}.Debug|Any CPU.ActiveCfg = Debug|Any CPU
		{137C5DF9-0B1A-4033-8A0F-C1893F29453E}.Debug|Any CPU.Build.0 = Debug|Any CPU
		{137C5DF9-0B1A-4033-8A0F-C1893F29453E}.Release|Any CPU.ActiveCfg = Release|Any CPU
		{137C5DF9-0B1A-4033-8A0F-C1893F29453E}.Release|Any CPU.Build.0 = Release|Any CPU
		{91BE61C0-204F-4CE4-9BA0-F382DF672D6A}.Debug|Any CPU.ActiveCfg = Debug|Any CPU
		{91BE61C0-204F-4CE4-9BA0-F382DF672D6A}.Debug|Any CPU.Build.0 = Debug|Any CPU
		{91BE61C0-204F-4CE4-9BA0-F382DF672D6A}.Release|Any CPU.ActiveCfg = Release|Any CPU
		{91BE61C0-204F-4CE4-9BA0-F382DF672D6A}.Release|Any CPU.Build.0 = Release|Any CPU
		{1154CDFB-97EC-4B37-818F-54D925609C20}.Debug|Any CPU.ActiveCfg = Debug|Any CPU
		{1154CDFB-97EC-4B37-818F-54D925609C20}.Debug|Any CPU.Build.0 = Debug|Any CPU
		{1154CDFB-97EC-4B37-818F-54D925609C20}.Release|Any CPU.ActiveCfg = Release|Any CPU
		{1154CDFB-97EC-4B37-818F-54D925609C20}.Release|Any CPU.Build.0 = Release|Any CPU
		{BDDF2412-D188-423E-904E-3A78A4C57EF2}.Debug|Any CPU.ActiveCfg = Debug|Any CPU
		{BDDF2412-D188-423E-904E-3A78A4C57EF2}.Debug|Any CPU.Build.0 = Debug|Any CPU
		{BDDF2412-D188-423E-904E-3A78A4C57EF2}.Release|Any CPU.ActiveCfg = Release|Any CPU
		{BDDF2412-D188-423E-904E-3A78A4C57EF2}.Release|Any CPU.Build.0 = Release|Any CPU
	EndGlobalSection
	GlobalSection(SolutionProperties) = preSolution
		HideSolutionNode = FALSE
	EndGlobalSection
	GlobalSection(NestedProjects) = preSolution
		{D80B035B-A0C5-4ED5-B4CB-B94949D782E1} = {9E48898A-3DDA-49BA-8BED-3B3F46EF1A13}
		{5EA19E6B-1E26-448B-8DF8-B9647ECDBBB3} = {9E48898A-3DDA-49BA-8BED-3B3F46EF1A13}
		{137C5DF9-0B1A-4033-8A0F-C1893F29453E} = {9E48898A-3DDA-49BA-8BED-3B3F46EF1A13}
		{91BE61C0-204F-4CE4-9BA0-F382DF672D6A} = {9E48898A-3DDA-49BA-8BED-3B3F46EF1A13}
		{1154CDFB-97EC-4B37-818F-54D925609C20} = {88BB6E4A-798A-4BD2-B599-F6F4EACD7F24}
		{BDDF2412-D188-423E-904E-3A78A4C57EF2} = {2446EC95-2CF9-4819-BE36-8D3C06B5A5F6}
	EndGlobalSection
EndGlobal
